
Microsoft Visual Studio Solution File, Format Version 12.00
# Visual Studio Version 17
VisualStudioVersion = 17.4.33205.214
MinimumVisualStudioVersion = 10.0.40219.1
Project("{FAE04EC0-301F-11D3-BF4B-00C04F79EFBC}") = "RayCasting", "RayCasting\RayCasting.csproj", "{7BF74488-8F23-402C-BBB3-110FFDAC904B}"
EndProject
Global
	GlobalSection(SolutionConfigurationPlatforms) = preSolution
		Debug|Any CPU = Debug|Any CPU
		Release|Any CPU = Release|Any CPU
	EndGlobalSection
	GlobalSection(ProjectConfigurationPlatforms) = postSolution
		{7BF74488-8F23-402C-BBB3-110FFDAC904B}.Debug|Any CPU.ActiveCfg = Debug|Any CPU
		{7BF74488-8F23-402C-BBB3-110FFDAC904B}.Debug|Any CPU.Build.0 = Debug|Any CPU
		{7BF74488-8F23-402C-BBB3-110FFDAC904B}.Release|Any CPU.ActiveCfg = Release|Any CPU
		{7BF74488-8F23-402C-BBB3-110FFDAC904B}.Release|Any CPU.Build.0 = Release|Any CPU
	EndGlobalSection
	GlobalSection(SolutionProperties) = preSolution
		HideSolutionNode = FALSE
	EndGlobalSection
	GlobalSection(ExtensibilityGlobals) = postSolution
		SolutionGuid = {50BD53E8-53F7-4CB7-8816-7C3D0E106CAF}
	EndGlobalSection
EndGlobal
